// !$*UTF8*$!
{
	archiveVersion = 1;
	classes = {
	};
	objectVersion = 46;
	objects = {

/* Begin PBXBuildFile section */
		E4041519E7E37666D21CD521 /* libPods-AirMap.a in Frameworks */ = {isa = PBXBuildFile; fileRef = 6D3C9C1E3E512507F3C7D295 /* libPods-AirMap.a */; };
		EC50DD7F1D2CE407009B6C91 /* Menu_icon.png in Resources */ = {isa = PBXBuildFile; fileRef = EC50DD7E1D2CE407009B6C91 /* Menu_icon.png */; };
		EC50DD811D2CF16E009B6C91 /* Back_icon.png in Resources */ = {isa = PBXBuildFile; fileRef = EC50DD801D2CF16E009B6C91 /* Back_icon.png */; };
		EC50DD841D2D1299009B6C91 /* PlacesViewController.m in Sources */ = {isa = PBXBuildFile; fileRef = EC50DD831D2D1299009B6C91 /* PlacesViewController.m */; };
		EC54E0D11D2FF1A900B13C85 /* MenuSlideViewController.m in Sources */ = {isa = PBXBuildFile; fileRef = EC54E0D01D2FF1A900B13C85 /* MenuSlideViewController.m */; };
		EC714C721D2AB8A000165A58 /* main.m in Sources */ = {isa = PBXBuildFile; fileRef = EC714C711D2AB8A000165A58 /* main.m */; };
		EC714C751D2AB8A000165A58 /* AppDelegate.m in Sources */ = {isa = PBXBuildFile; fileRef = EC714C741D2AB8A000165A58 /* AppDelegate.m */; };
		EC714C7D1D2AB8A000165A58 /* Assets.xcassets in Resources */ = {isa = PBXBuildFile; fileRef = EC714C7C1D2AB8A000165A58 /* Assets.xcassets */; };
		EC714C801D2AB8A000165A58 /* LaunchScreen.storyboard in Resources */ = {isa = PBXBuildFile; fileRef = EC714C7E1D2AB8A000165A58 /* LaunchScreen.storyboard */; };
		EC714C891D2ABC5F00165A58 /* MapViewController.m in Sources */ = {isa = PBXBuildFile; fileRef = EC714C881D2ABC5F00165A58 /* MapViewController.m */; };
		EC714C8B1D2ABD1C00165A58 /* CoreLocation.framework in Frameworks */ = {isa = PBXBuildFile; fileRef = EC714C8A1D2ABD1C00165A58 /* CoreLocation.framework */; };
		ECA084F81D2E268100141B29 /* TravelTableViewController.m in Sources */ = {isa = PBXBuildFile; fileRef = ECA084F71D2E268100141B29 /* TravelTableViewController.m */; };
		ECA084FE1D2E6E7F00141B29 /* TravelAddUIViewController.m in Sources */ = {isa = PBXBuildFile; fileRef = ECA084FD1D2E6E7F00141B29 /* TravelAddUIViewController.m */; };
		ECA085021D2E8C8A00141B29 /* Ryan.png in Resources */ = {isa = PBXBuildFile; fileRef = ECA085011D2E8C8A00141B29 /* Ryan.png */; };
		ECFC52F31D32824A00EF311B /* location_icon.png in Resources */ = {isa = PBXBuildFile; fileRef = ECFC52F21D32824A00EF311B /* location_icon.png */; };
		ECFC530B1D32883000EF311B /* MGSwipeButton.m in Sources */ = {isa = PBXBuildFile; fileRef = ECFC52F61D32883000EF311B /* MGSwipeButton.m */; };
		ECFC530C1D32883000EF311B /* MGSwipeTableCell.m in Sources */ = {isa = PBXBuildFile; fileRef = ECFC52F81D32883000EF311B /* MGSwipeTableCell.m */; };
		ECFC530D1D32883000EF311B /* SCLAlertView.m in Sources */ = {isa = PBXBuildFile; fileRef = ECFC52FB1D32883000EF311B /* SCLAlertView.m */; };
		ECFC530E1D32883000EF311B /* SCLAlertViewResponder.m in Sources */ = {isa = PBXBuildFile; fileRef = ECFC52FD1D32883000EF311B /* SCLAlertViewResponder.m */; };
		ECFC530F1D32883000EF311B /* SCLAlertViewStyleKit.m in Sources */ = {isa = PBXBuildFile; fileRef = ECFC52FF1D32883000EF311B /* SCLAlertViewStyleKit.m */; };
		ECFC53101D32883000EF311B /* SCLButton.m in Sources */ = {isa = PBXBuildFile; fileRef = ECFC53011D32883000EF311B /* SCLButton.m */; };
		ECFC53111D32883000EF311B /* SCLSwitchView.m in Sources */ = {isa = PBXBuildFile; fileRef = ECFC53041D32883000EF311B /* SCLSwitchView.m */; };
		ECFC53121D32883000EF311B /* SCLTextView.m in Sources */ = {isa = PBXBuildFile; fileRef = ECFC53061D32883000EF311B /* SCLTextView.m */; };
		ECFC53131D32883000EF311B /* SCLTimerDisplay.m in Sources */ = {isa = PBXBuildFile; fileRef = ECFC53081D32883000EF311B /* SCLTimerDisplay.m */; };
		ECFC53141D32883000EF311B /* UIImage+ImageEffects.m in Sources */ = {isa = PBXBuildFile; fileRef = ECFC530A1D32883000EF311B /* UIImage+ImageEffects.m */; };
/* End PBXBuildFile section */

/* Begin PBXFileReference section */
		16028BDC9D099C26AC19ED29 /* Pods-AirMap.release.xcconfig */ = {isa = PBXFileReference; includeInIndex = 1; lastKnownFileType = text.xcconfig; name = "Pods-AirMap.release.xcconfig"; path = "Pods/Target Support Files/Pods-AirMap/Pods-AirMap.release.xcconfig"; sourceTree = "<group>"; };
		4253540E246896CD5E2EF7E9 /* Pods-AirMap.debug.xcconfig */ = {isa = PBXFileReference; includeInIndex = 1; lastKnownFileType = text.xcconfig; name = "Pods-AirMap.debug.xcconfig"; path = "Pods/Target Support Files/Pods-AirMap/Pods-AirMap.debug.xcconfig"; sourceTree = "<group>"; };
		6D3C9C1E3E512507F3C7D295 /* libPods-AirMap.a */ = {isa = PBXFileReference; explicitFileType = archive.ar; includeInIndex = 0; path = "libPods-AirMap.a"; sourceTree = BUILT_PRODUCTS_DIR; };
		EC50DD7B1D2C0B25009B6C91 /* MapAPIKey.h */ = {isa = PBXFileReference; lastKnownFileType = sourcecode.c.h; path = MapAPIKey.h; sourceTree = "<group>"; };
		EC50DD7E1D2CE407009B6C91 /* Menu_icon.png */ = {isa = PBXFileReference; lastKnownFileType = image.png; path = Menu_icon.png; sourceTree = "<group>"; };
		EC50DD801D2CF16E009B6C91 /* Back_icon.png */ = {isa = PBXFileReference; lastKnownFileType = image.png; path = Back_icon.png; sourceTree = "<group>"; };
		EC50DD821D2D1299009B6C91 /* PlacesViewController.h */ = {isa = PBXFileReference; fileEncoding = 4; lastKnownFileType = sourcecode.c.h; path = PlacesViewController.h; sourceTree = "<group>"; };
		EC50DD831D2D1299009B6C91 /* PlacesViewController.m */ = {isa = PBXFileReference; fileEncoding = 4; lastKnownFileType = sourcecode.c.objc; path = PlacesViewController.m; sourceTree = "<group>"; };
		EC54E0CF1D2FF1A900B13C85 /* MenuSlideViewController.h */ = {isa = PBXFileReference; fileEncoding = 4; lastKnownFileType = sourcecode.c.h; path = MenuSlideViewController.h; sourceTree = "<group>"; };
		EC54E0D01D2FF1A900B13C85 /* MenuSlideViewController.m */ = {isa = PBXFileReference; fileEncoding = 4; lastKnownFileType = sourcecode.c.objc; path = MenuSlideViewController.m; sourceTree = "<group>"; };
		EC714C6D1D2AB8A000165A58 /* AirMap.app */ = {isa = PBXFileReference; explicitFileType = wrapper.application; includeInIndex = 0; path = AirMap.app; sourceTree = BUILT_PRODUCTS_DIR; };
		EC714C711D2AB8A000165A58 /* main.m */ = {isa = PBXFileReference; lastKnownFileType = sourcecode.c.objc; path = main.m; sourceTree = "<group>"; };
		EC714C731D2AB8A000165A58 /* AppDelegate.h */ = {isa = PBXFileReference; lastKnownFileType = sourcecode.c.h; path = AppDelegate.h; sourceTree = "<group>"; };
		EC714C741D2AB8A000165A58 /* AppDelegate.m */ = {isa = PBXFileReference; lastKnownFileType = sourcecode.c.objc; path = AppDelegate.m; sourceTree = "<group>"; };
		EC714C7C1D2AB8A000165A58 /* Assets.xcassets */ = {isa = PBXFileReference; lastKnownFileType = folder.assetcatalog; path = Assets.xcassets; sourceTree = "<group>"; };
		EC714C7F1D2AB8A000165A58 /* Base */ = {isa = PBXFileReference; lastKnownFileType = file.storyboard; name = Base; path = Base.lproj/LaunchScreen.storyboard; sourceTree = "<group>"; };
		EC714C811D2AB8A000165A58 /* Info.plist */ = {isa = PBXFileReference; lastKnownFileType = text.plist.xml; path = Info.plist; sourceTree = "<group>"; };
		EC714C871D2ABC5F00165A58 /* MapViewController.h */ = {isa = PBXFileReference; fileEncoding = 4; lastKnownFileType = sourcecode.c.h; path = MapViewController.h; sourceTree = "<group>"; };
		EC714C881D2ABC5F00165A58 /* MapViewController.m */ = {isa = PBXFileReference; fileEncoding = 4; lastKnownFileType = sourcecode.c.objc; path = MapViewController.m; sourceTree = "<group>"; };
		EC714C8A1D2ABD1C00165A58 /* CoreLocation.framework */ = {isa = PBXFileReference; lastKnownFileType = wrapper.framework; name = CoreLocation.framework; path = System/Library/Frameworks/CoreLocation.framework; sourceTree = SDKROOT; };
		EC714C8C1D2AC07700165A58 /* PrefixHeader.pch */ = {isa = PBXFileReference; lastKnownFileType = sourcecode.c.h; path = PrefixHeader.pch; sourceTree = "<group>"; };
		ECA084F61D2E268100141B29 /* TravelTableViewController.h */ = {isa = PBXFileReference; fileEncoding = 4; lastKnownFileType = sourcecode.c.h; path = TravelTableViewController.h; sourceTree = "<group>"; };
		ECA084F71D2E268100141B29 /* TravelTableViewController.m */ = {isa = PBXFileReference; fileEncoding = 4; lastKnownFileType = sourcecode.c.objc; path = TravelTableViewController.m; sourceTree = "<group>"; };
		ECA084FC1D2E6E7F00141B29 /* TravelAddUIViewController.h */ = {isa = PBXFileReference; fileEncoding = 4; lastKnownFileType = sourcecode.c.h; path = TravelAddUIViewController.h; sourceTree = "<group>"; };
		ECA084FD1D2E6E7F00141B29 /* TravelAddUIViewController.m */ = {isa = PBXFileReference; fileEncoding = 4; lastKnownFileType = sourcecode.c.objc; path = TravelAddUIViewController.m; sourceTree = "<group>"; };
		ECA085011D2E8C8A00141B29 /* Ryan.png */ = {isa = PBXFileReference; lastKnownFileType = image.png; path = Ryan.png; sourceTree = "<group>"; };
		ECFC52F21D32824A00EF311B /* location_icon.png */ = {isa = PBXFileReference; lastKnownFileType = image.png; path = location_icon.png; sourceTree = "<group>"; };
		ECFC52F51D32883000EF311B /* MGSwipeButton.h */ = {isa = PBXFileReference; fileEncoding = 4; lastKnownFileType = sourcecode.c.h; path = MGSwipeButton.h; sourceTree = "<group>"; };
		ECFC52F61D32883000EF311B /* MGSwipeButton.m */ = {isa = PBXFileReference; fileEncoding = 4; lastKnownFileType = sourcecode.c.objc; path = MGSwipeButton.m; sourceTree = "<group>"; };
		ECFC52F71D32883000EF311B /* MGSwipeTableCell.h */ = {isa = PBXFileReference; fileEncoding = 4; lastKnownFileType = sourcecode.c.h; path = MGSwipeTableCell.h; sourceTree = "<group>"; };
		ECFC52F81D32883000EF311B /* MGSwipeTableCell.m */ = {isa = PBXFileReference; fileEncoding = 4; lastKnownFileType = sourcecode.c.objc; path = MGSwipeTableCell.m; sourceTree = "<group>"; };
		ECFC52FA1D32883000EF311B /* SCLAlertView.h */ = {isa = PBXFileReference; fileEncoding = 4; lastKnownFileType = sourcecode.c.h; path = SCLAlertView.h; sourceTree = "<group>"; };
		ECFC52FB1D32883000EF311B /* SCLAlertView.m */ = {isa = PBXFileReference; fileEncoding = 4; lastKnownFileType = sourcecode.c.objc; path = SCLAlertView.m; sourceTree = "<group>"; };
		ECFC52FC1D32883000EF311B /* SCLAlertViewResponder.h */ = {isa = PBXFileReference; fileEncoding = 4; lastKnownFileType = sourcecode.c.h; path = SCLAlertViewResponder.h; sourceTree = "<group>"; };
		ECFC52FD1D32883000EF311B /* SCLAlertViewResponder.m */ = {isa = PBXFileReference; fileEncoding = 4; lastKnownFileType = sourcecode.c.objc; path = SCLAlertViewResponder.m; sourceTree = "<group>"; };
		ECFC52FE1D32883000EF311B /* SCLAlertViewStyleKit.h */ = {isa = PBXFileReference; fileEncoding = 4; lastKnownFileType = sourcecode.c.h; path = SCLAlertViewStyleKit.h; sourceTree = "<group>"; };
		ECFC52FF1D32883000EF311B /* SCLAlertViewStyleKit.m */ = {isa = PBXFileReference; fileEncoding = 4; lastKnownFileType = sourcecode.c.objc; path = SCLAlertViewStyleKit.m; sourceTree = "<group>"; };
		ECFC53001D32883000EF311B /* SCLButton.h */ = {isa = PBXFileReference; fileEncoding = 4; lastKnownFileType = sourcecode.c.h; path = SCLButton.h; sourceTree = "<group>"; };
		ECFC53011D32883000EF311B /* SCLButton.m */ = {isa = PBXFileReference; fileEncoding = 4; lastKnownFileType = sourcecode.c.objc; path = SCLButton.m; sourceTree = "<group>"; };
		ECFC53021D32883000EF311B /* SCLMacros.h */ = {isa = PBXFileReference; fileEncoding = 4; lastKnownFileType = sourcecode.c.h; path = SCLMacros.h; sourceTree = "<group>"; };
		ECFC53031D32883000EF311B /* SCLSwitchView.h */ = {isa = PBXFileReference; fileEncoding = 4; lastKnownFileType = sourcecode.c.h; path = SCLSwitchView.h; sourceTree = "<group>"; };
		ECFC53041D32883000EF311B /* SCLSwitchView.m */ = {isa = PBXFileReference; fileEncoding = 4; lastKnownFileType = sourcecode.c.objc; path = SCLSwitchView.m; sourceTree = "<group>"; };
		ECFC53051D32883000EF311B /* SCLTextView.h */ = {isa = PBXFileReference; fileEncoding = 4; lastKnownFileType = sourcecode.c.h; path = SCLTextView.h; sourceTree = "<group>"; };
		ECFC53061D32883000EF311B /* SCLTextView.m */ = {isa = PBXFileReference; fileEncoding = 4; lastKnownFileType = sourcecode.c.objc; path = SCLTextView.m; sourceTree = "<group>"; };
		ECFC53071D32883000EF311B /* SCLTimerDisplay.h */ = {isa = PBXFileReference; fileEncoding = 4; lastKnownFileType = sourcecode.c.h; path = SCLTimerDisplay.h; sourceTree = "<group>"; };
		ECFC53081D32883000EF311B /* SCLTimerDisplay.m */ = {isa = PBXFileReference; fileEncoding = 4; lastKnownFileType = sourcecode.c.objc; path = SCLTimerDisplay.m; sourceTree = "<group>"; };
		ECFC53091D32883000EF311B /* UIImage+ImageEffects.h */ = {isa = PBXFileReference; fileEncoding = 4; lastKnownFileType = sourcecode.c.h; path = "UIImage+ImageEffects.h"; sourceTree = "<group>"; };
		ECFC530A1D32883000EF311B /* UIImage+ImageEffects.m */ = {isa = PBXFileReference; fileEncoding = 4; lastKnownFileType = sourcecode.c.objc; path = "UIImage+ImageEffects.m"; sourceTree = "<group>"; };
/* End PBXFileReference section */

/* Begin PBXFrameworksBuildPhase section */
		EC714C6A1D2AB8A000165A58 /* Frameworks */ = {
			isa = PBXFrameworksBuildPhase;
			buildActionMask = 2147483647;
			files = (
				EC714C8B1D2ABD1C00165A58 /* CoreLocation.framework in Frameworks */,
				E4041519E7E37666D21CD521 /* libPods-AirMap.a in Frameworks */,
			);
			runOnlyForDeploymentPostprocessing = 0;
		};
/* End PBXFrameworksBuildPhase section */

/* Begin PBXGroup section */
		2FF1020C63C61B7B7F0F3589 /* Pods */ = {
			isa = PBXGroup;
			children = (
				4253540E246896CD5E2EF7E9 /* Pods-AirMap.debug.xcconfig */,
				16028BDC9D099C26AC19ED29 /* Pods-AirMap.release.xcconfig */,
			);
			name = Pods;
			sourceTree = "<group>";
		};
		A4E58478D95AEC7D234D7B7E /* Frameworks */ = {
			isa = PBXGroup;
			children = (
				EC714C8A1D2ABD1C00165A58 /* CoreLocation.framework */,
				6D3C9C1E3E512507F3C7D295 /* libPods-AirMap.a */,
			);
			name = Frameworks;
			sourceTree = "<group>";
		};
		EC714C641D2AB8A000165A58 = {
			isa = PBXGroup;
			children = (
				EC714C6F1D2AB8A000165A58 /* AirMap */,
				EC714C6E1D2AB8A000165A58 /* Products */,
				2FF1020C63C61B7B7F0F3589 /* Pods */,
				A4E58478D95AEC7D234D7B7E /* Frameworks */,
			);
			sourceTree = "<group>";
		};
		EC714C6E1D2AB8A000165A58 /* Products */ = {
			isa = PBXGroup;
			children = (
				EC714C6D1D2AB8A000165A58 /* AirMap.app */,
			);
			name = Products;
			sourceTree = "<group>";
		};
		EC714C6F1D2AB8A000165A58 /* AirMap */ = {
			isa = PBXGroup;
			children = (
				ECFC52F41D32883000EF311B /* MGSwipeTableCell */,
				ECFC52F91D32883000EF311B /* SCLAlertView */,
				EC54E0CF1D2FF1A900B13C85 /* MenuSlideViewController.h */,
				EC54E0D01D2FF1A900B13C85 /* MenuSlideViewController.m */,
				ECD5C1301D2FA90500A551D8 /* Map */,
				EC750B931D2B9E0300A54374 /* Resource */,
				EC714C8C1D2AC07700165A58 /* PrefixHeader.pch */,
				EC50DD7B1D2C0B25009B6C91 /* MapAPIKey.h */,
				EC714C731D2AB8A000165A58 /* AppDelegate.h */,
				EC714C741D2AB8A000165A58 /* AppDelegate.m */,
				EC714C7C1D2AB8A000165A58 /* Assets.xcassets */,
				EC714C7E1D2AB8A000165A58 /* LaunchScreen.storyboard */,
				EC714C811D2AB8A000165A58 /* Info.plist */,
				EC714C701D2AB8A000165A58 /* Supporting Files */,
			);
			path = AirMap;
			sourceTree = "<group>";
		};
		EC714C701D2AB8A000165A58 /* Supporting Files */ = {
			isa = PBXGroup;
			children = (
				EC714C711D2AB8A000165A58 /* main.m */,
			);
			name = "Supporting Files";
			sourceTree = "<group>";
		};
		EC750B931D2B9E0300A54374 /* Resource */ = {
			isa = PBXGroup;
			children = (
				ECFC52F21D32824A00EF311B /* location_icon.png */,
				ECA085011D2E8C8A00141B29 /* Ryan.png */,
				EC50DD801D2CF16E009B6C91 /* Back_icon.png */,
				EC50DD7E1D2CE407009B6C91 /* Menu_icon.png */,
			);
			name = Resource;
			sourceTree = "<group>";
		};
		ECD5C1301D2FA90500A551D8 /* Map */ = {
			isa = PBXGroup;
			children = (
				EC714C871D2ABC5F00165A58 /* MapViewController.h */,
				EC714C881D2ABC5F00165A58 /* MapViewController.m */,
				EC50DD821D2D1299009B6C91 /* PlacesViewController.h */,
				EC50DD831D2D1299009B6C91 /* PlacesViewController.m */,
				ECA084F61D2E268100141B29 /* TravelTableViewController.h */,
				ECA084F71D2E268100141B29 /* TravelTableViewController.m */,
				ECA084FC1D2E6E7F00141B29 /* TravelAddUIViewController.h */,
				ECA084FD1D2E6E7F00141B29 /* TravelAddUIViewController.m */,
			);
			name = Map;
			sourceTree = "<group>";
		};
		ECFC52F41D32883000EF311B /* MGSwipeTableCell */ = {
			isa = PBXGroup;
			children = (
				ECFC52F51D32883000EF311B /* MGSwipeButton.h */,
				ECFC52F61D32883000EF311B /* MGSwipeButton.m */,
				ECFC52F71D32883000EF311B /* MGSwipeTableCell.h */,
				ECFC52F81D32883000EF311B /* MGSwipeTableCell.m */,
			);
			path = MGSwipeTableCell;
			sourceTree = "<group>";
		};
		ECFC52F91D32883000EF311B /* SCLAlertView */ = {
			isa = PBXGroup;
			children = (
				ECFC52FA1D32883000EF311B /* SCLAlertView.h */,
				ECFC52FB1D32883000EF311B /* SCLAlertView.m */,
				ECFC52FC1D32883000EF311B /* SCLAlertViewResponder.h */,
				ECFC52FD1D32883000EF311B /* SCLAlertViewResponder.m */,
				ECFC52FE1D32883000EF311B /* SCLAlertViewStyleKit.h */,
				ECFC52FF1D32883000EF311B /* SCLAlertViewStyleKit.m */,
				ECFC53001D32883000EF311B /* SCLButton.h */,
				ECFC53011D32883000EF311B /* SCLButton.m */,
				ECFC53021D32883000EF311B /* SCLMacros.h */,
				ECFC53031D32883000EF311B /* SCLSwitchView.h */,
				ECFC53041D32883000EF311B /* SCLSwitchView.m */,
				ECFC53051D32883000EF311B /* SCLTextView.h */,
				ECFC53061D32883000EF311B /* SCLTextView.m */,
				ECFC53071D32883000EF311B /* SCLTimerDisplay.h */,
				ECFC53081D32883000EF311B /* SCLTimerDisplay.m */,
				ECFC53091D32883000EF311B /* UIImage+ImageEffects.h */,
				ECFC530A1D32883000EF311B /* UIImage+ImageEffects.m */,
			);
			path = SCLAlertView;
			sourceTree = "<group>";
		};
/* End PBXGroup section */

/* Begin PBXNativeTarget section */
		EC714C6C1D2AB8A000165A58 /* AirMap */ = {
			isa = PBXNativeTarget;
			buildConfigurationList = EC714C841D2AB8A000165A58 /* Build configuration list for PBXNativeTarget "AirMap" */;
			buildPhases = (
				08DB5EC23F76812DA10295D5 /* [CP] Check Pods Manifest.lock */,
				EC714C691D2AB8A000165A58 /* Sources */,
				EC714C6A1D2AB8A000165A58 /* Frameworks */,
				EC714C6B1D2AB8A000165A58 /* Resources */,
				E3C7064F8AAA416B075F7CD4 /* [CP] Embed Pods Frameworks */,
				99D559F0BC56DA0DF968946E /* [CP] Copy Pods Resources */,
			);
			buildRules = (
			);
			dependencies = (
			);
			name = AirMap;
			productName = AirMap;
			productReference = EC714C6D1D2AB8A000165A58 /* AirMap.app */;
			productType = "com.apple.product-type.application";
		};
/* End PBXNativeTarget section */

/* Begin PBXProject section */
		EC714C651D2AB8A000165A58 /* Project object */ = {
			isa = PBXProject;
			attributes = {
				LastUpgradeCheck = 0730;
				ORGANIZATIONNAME = FCSProjectAirMap;
				TargetAttributes = {
					EC714C6C1D2AB8A000165A58 = {
						CreatedOnToolsVersion = 7.3.1;
						DevelopmentTeam = 3D2GFZ7CZT;
					};
				};
			};
			buildConfigurationList = EC714C681D2AB8A000165A58 /* Build configuration list for PBXProject "AirMap" */;
			compatibilityVersion = "Xcode 3.2";
			developmentRegion = English;
			hasScannedForEncodings = 0;
			knownRegions = (
				en,
				Base,
			);
			mainGroup = EC714C641D2AB8A000165A58;
			productRefGroup = EC714C6E1D2AB8A000165A58 /* Products */;
			projectDirPath = "";
			projectRoot = "";
			targets = (
				EC714C6C1D2AB8A000165A58 /* AirMap */,
			);
		};
/* End PBXProject section */

/* Begin PBXResourcesBuildPhase section */
		EC714C6B1D2AB8A000165A58 /* Resources */ = {
			isa = PBXResourcesBuildPhase;
			buildActionMask = 2147483647;
			files = (
				EC714C801D2AB8A000165A58 /* LaunchScreen.storyboard in Resources */,
				EC50DD7F1D2CE407009B6C91 /* Menu_icon.png in Resources */,
				EC714C7D1D2AB8A000165A58 /* Assets.xcassets in Resources */,
				ECFC52F31D32824A00EF311B /* location_icon.png in Resources */,
				ECA085021D2E8C8A00141B29 /* Ryan.png in Resources */,
				EC50DD811D2CF16E009B6C91 /* Back_icon.png in Resources */,
			);
			runOnlyForDeploymentPostprocessing = 0;
		};
/* End PBXResourcesBuildPhase section */

/* Begin PBXShellScriptBuildPhase section */
		08DB5EC23F76812DA10295D5 /* [CP] Check Pods Manifest.lock */ = {
			isa = PBXShellScriptBuildPhase;
			buildActionMask = 2147483647;
			files = (
			);
			inputPaths = (
			);
			name = "[CP] Check Pods Manifest.lock";
			outputPaths = (
			);
			runOnlyForDeploymentPostprocessing = 0;
			shellPath = /bin/sh;
			shellScript = "diff \"${PODS_ROOT}/../Podfile.lock\" \"${PODS_ROOT}/Manifest.lock\" > /dev/null\nif [[ $? != 0 ]] ; then\n    cat << EOM\nerror: The sandbox is not in sync with the Podfile.lock. Run 'pod install' or update your CocoaPods installation.\nEOM\n    exit 1\nfi\n";
			showEnvVarsInLog = 0;
		};
		99D559F0BC56DA0DF968946E /* [CP] Copy Pods Resources */ = {
			isa = PBXShellScriptBuildPhase;
			buildActionMask = 2147483647;
			files = (
			);
			inputPaths = (
			);
			name = "[CP] Copy Pods Resources";
			outputPaths = (
			);
			runOnlyForDeploymentPostprocessing = 0;
			shellPath = /bin/sh;
			shellScript = "\"${SRCROOT}/Pods/Target Support Files/Pods-AirMap/Pods-AirMap-resources.sh\"\n";
			showEnvVarsInLog = 0;
		};
		E3C7064F8AAA416B075F7CD4 /* [CP] Embed Pods Frameworks */ = {
			isa = PBXShellScriptBuildPhase;
			buildActionMask = 2147483647;
			files = (
			);
			inputPaths = (
			);
			name = "[CP] Embed Pods Frameworks";
			outputPaths = (
			);
			runOnlyForDeploymentPostprocessing = 0;
			shellPath = /bin/sh;
			shellScript = "\"${SRCROOT}/Pods/Target Support Files/Pods-AirMap/Pods-AirMap-frameworks.sh\"\n";
			showEnvVarsInLog = 0;
		};
/* End PBXShellScriptBuildPhase section */

/* Begin PBXSourcesBuildPhase section */
		EC714C691D2AB8A000165A58 /* Sources */ = {
			isa = PBXSourcesBuildPhase;
			buildActionMask = 2147483647;
			files = (
				ECFC530D1D32883000EF311B /* SCLAlertView.m in Sources */,
				ECFC53101D32883000EF311B /* SCLButton.m in Sources */,
				ECFC530E1D32883000EF311B /* SCLAlertViewResponder.m in Sources */,
				EC50DD841D2D1299009B6C91 /* PlacesViewController.m in Sources */,
				EC714C891D2ABC5F00165A58 /* MapViewController.m in Sources */,
				ECFC53131D32883000EF311B /* SCLTimerDisplay.m in Sources */,
				ECFC53111D32883000EF311B /* SCLSwitchView.m in Sources */,
				ECFC530B1D32883000EF311B /* MGSwipeButton.m in Sources */,
				ECA084F81D2E268100141B29 /* TravelTableViewController.m in Sources */,
				ECA084FE1D2E6E7F00141B29 /* TravelAddUIViewController.m in Sources */,
				EC714C751D2AB8A000165A58 /* AppDelegate.m in Sources */,
				EC54E0D11D2FF1A900B13C85 /* MenuSlideViewController.m in Sources */,
				ECFC530C1D32883000EF311B /* MGSwipeTableCell.m in Sources */,
				EC714C721D2AB8A000165A58 /* main.m in Sources */,
				ECFC530F1D32883000EF311B /* SCLAlertViewStyleKit.m in Sources */,
				ECFC53121D32883000EF311B /* SCLTextView.m in Sources */,
				ECFC53141D32883000EF311B /* UIImage+ImageEffects.m in Sources */,
			);
			runOnlyForDeploymentPostprocessing = 0;
		};
/* End PBXSourcesBuildPhase section */

/* Begin PBXVariantGroup section */
		EC714C7E1D2AB8A000165A58 /* LaunchScreen.storyboard */ = {
			isa = PBXVariantGroup;
			children = (
				EC714C7F1D2AB8A000165A58 /* Base */,
			);
			name = LaunchScreen.storyboard;
			sourceTree = "<group>";
		};
/* End PBXVariantGroup section */

/* Begin XCBuildConfiguration section */
		EC714C821D2AB8A000165A58 /* Debug */ = {
			isa = XCBuildConfiguration;
			buildSettings = {
				ALWAYS_SEARCH_USER_PATHS = NO;
				CLANG_ANALYZER_NONNULL = YES;
				CLANG_CXX_LANGUAGE_STANDARD = "gnu++0x";
				CLANG_CXX_LIBRARY = "libc++";
				CLANG_ENABLE_MODULES = YES;
				CLANG_ENABLE_OBJC_ARC = YES;
				CLANG_WARN_BOOL_CONVERSION = YES;
				CLANG_WARN_CONSTANT_CONVERSION = YES;
				CLANG_WARN_DIRECT_OBJC_ISA_USAGE = YES_ERROR;
				CLANG_WARN_EMPTY_BODY = YES;
				CLANG_WARN_ENUM_CONVERSION = YES;
				CLANG_WARN_INT_CONVERSION = YES;
				CLANG_WARN_OBJC_ROOT_CLASS = YES_ERROR;
				CLANG_WARN_UNREACHABLE_CODE = YES;
				CLANG_WARN__DUPLICATE_METHOD_MATCH = YES;
				"CODE_SIGN_IDENTITY[sdk=iphoneos*]" = "iPhone Developer";
				COPY_PHASE_STRIP = NO;
				DEBUG_INFORMATION_FORMAT = dwarf;
				ENABLE_STRICT_OBJC_MSGSEND = YES;
				ENABLE_TESTABILITY = YES;
				GCC_C_LANGUAGE_STANDARD = gnu99;
				GCC_DYNAMIC_NO_PIC = NO;
				GCC_NO_COMMON_BLOCKS = YES;
				GCC_OPTIMIZATION_LEVEL = 0;
				GCC_PREPROCESSOR_DEFINITIONS = (
					"DEBUG=1",
					"$(inherited)",
				);
				GCC_WARN_64_TO_32_BIT_CONVERSION = YES;
				GCC_WARN_ABOUT_RETURN_TYPE = YES_ERROR;
				GCC_WARN_UNDECLARED_SELECTOR = YES;
				GCC_WARN_UNINITIALIZED_AUTOS = YES_AGGRESSIVE;
				GCC_WARN_UNUSED_FUNCTION = YES;
				GCC_WARN_UNUSED_VARIABLE = YES;
				IPHONEOS_DEPLOYMENT_TARGET = 9.3;
				MTL_ENABLE_DEBUG_INFO = YES;
				ONLY_ACTIVE_ARCH = YES;
				OTHER_CFLAGS = "";
				SDKROOT = iphoneos;
			};
			name = Debug;
		};
		EC714C831D2AB8A000165A58 /* Release */ = {
			isa = XCBuildConfiguration;
			buildSettings = {
				ALWAYS_SEARCH_USER_PATHS = NO;
				CLANG_ANALYZER_NONNULL = YES;
				CLANG_CXX_LANGUAGE_STANDARD = "gnu++0x";
				CLANG_CXX_LIBRARY = "libc++";
				CLANG_ENABLE_MODULES = YES;
				CLANG_ENABLE_OBJC_ARC = YES;
				CLANG_WARN_BOOL_CONVERSION = YES;
				CLANG_WARN_CONSTANT_CONVERSION = YES;
				CLANG_WARN_DIRECT_OBJC_ISA_USAGE = YES_ERROR;
				CLANG_WARN_EMPTY_BODY = YES;
				CLANG_WARN_ENUM_CONVERSION = YES;
				CLANG_WARN_INT_CONVERSION = YES;
				CLANG_WARN_OBJC_ROOT_CLASS = YES_ERROR;
				CLANG_WARN_UNREACHABLE_CODE = YES;
				CLANG_WARN__DUPLICATE_METHOD_MATCH = YES;
				"CODE_SIGN_IDENTITY[sdk=iphoneos*]" = "iPhone Developer";
				COPY_PHASE_STRIP = NO;
				DEBUG_INFORMATION_FORMAT = "dwarf-with-dsym";
				ENABLE_NS_ASSERTIONS = NO;
				ENABLE_STRICT_OBJC_MSGSEND = YES;
				GCC_C_LANGUAGE_STANDARD = gnu99;
				GCC_NO_COMMON_BLOCKS = YES;
				GCC_WARN_64_TO_32_BIT_CONVERSION = YES;
				GCC_WARN_ABOUT_RETURN_TYPE = YES_ERROR;
				GCC_WARN_UNDECLARED_SELECTOR = YES;
				GCC_WARN_UNINITIALIZED_AUTOS = YES_AGGRESSIVE;
				GCC_WARN_UNUSED_FUNCTION = YES;
				GCC_WARN_UNUSED_VARIABLE = YES;
				IPHONEOS_DEPLOYMENT_TARGET = 9.3;
				MTL_ENABLE_DEBUG_INFO = NO;
				OTHER_CFLAGS = "";
				SDKROOT = iphoneos;
				VALIDATE_PRODUCT = YES;
			};
			name = Release;
		};
		EC714C851D2AB8A000165A58 /* Debug */ = {
			isa = XCBuildConfiguration;
			baseConfigurationReference = 4253540E246896CD5E2EF7E9 /* Pods-AirMap.debug.xcconfig */;
			buildSettings = {
				ASSETCATALOG_COMPILER_APPICON_NAME = AppIcon;
				CODE_SIGN_IDENTITY = "iPhone Developer";
				"CODE_SIGN_IDENTITY[sdk=iphoneos*]" = "iPhone Developer";
				ENABLE_BITCODE = YES;
				GCC_PREFIX_HEADER = "$(SRCROOT)/AirMap/PrefixHeader.pch";
				INFOPLIST_FILE = AirMap/Info.plist;
				LD_RUNPATH_SEARCH_PATHS = "$(inherited) @executable_path/Frameworks";
				PRODUCT_BUNDLE_IDENTIFIER = com.FCSProject.TravelMaker;
				PRODUCT_NAME = "$(TARGET_NAME)";
				PROVISIONING_PROFILE = "";
			};
			name = Debug;
		};
		EC714C861D2AB8A000165A58 /* Release */ = {
			isa = XCBuildConfiguration;
			baseConfigurationReference = 16028BDC9D099C26AC19ED29 /* Pods-AirMap.release.xcconfig */;
			buildSettings = {
				ASSETCATALOG_COMPILER_APPICON_NAME = AppIcon;
				CODE_SIGN_IDENTITY = "iPhone Developer";
				"CODE_SIGN_IDENTITY[sdk=iphoneos*]" = "iPhone Developer";
				ENABLE_BITCODE = YES;
				GCC_PREFIX_HEADER = "$(SRCROOT)/AirMap/PrefixHeader.pch";
				INFOPLIST_FILE = AirMap/Info.plist;
				LD_RUNPATH_SEARCH_PATHS = "$(inherited) @executable_path/Frameworks";
				PRODUCT_BUNDLE_IDENTIFIER = com.FCSProject.TravelMaker;
				PRODUCT_NAME = "$(TARGET_NAME)";
				PROVISIONING_PROFILE = "";
			};
			name = Release;
		};
/* End XCBuildConfiguration section */

/* Begin XCConfigurationList section */
		EC714C681D2AB8A000165A58 /* Build configuration list for PBXProject "AirMap" */ = {
			isa = XCConfigurationList;
			buildConfigurations = (
				EC714C821D2AB8A000165A58 /* Debug */,
				EC714C831D2AB8A000165A58 /* Release */,
			);
			defaultConfigurationIsVisible = 0;
			defaultConfigurationName = Release;
		};
		EC714C841D2AB8A000165A58 /* Build configuration list for PBXNativeTarget "AirMap" */ = {
			isa = XCConfigurationList;
			buildConfigurations = (
				EC714C851D2AB8A000165A58 /* Debug */,
				EC714C861D2AB8A000165A58 /* Release */,
			);
			defaultConfigurationIsVisible = 0;
			defaultConfigurationName = Release;
		};
/* End XCConfigurationList section */
	};
	rootObject = EC714C651D2AB8A000165A58 /* Project object */;
}
